
Microsoft Visual Studio Solution File, Format Version 12.00
# Visual Studio Version 16
VisualStudioVersion = 16.0.29409.12
MinimumVisualStudioVersion = 10.0.40219.1
Project("{9A19103F-16F7-4668-BE54-9A1E7A4F7556}") = "PolynomialLibrary", "PolynomialLibrary\PolynomialLibrary.csproj", "{02B26113-3CAE-48E8-A7AA-8EC9FFECDD57}"
EndProject
Project("{9A19103F-16F7-4668-BE54-9A1E7A4F7556}") = "PolynomialLibrary.Tests", "PolynomialLibrary.Tests\PolynomialLibrary.Tests.csproj", "{930DA8AB-F9EF-4B0C-BD62-0D97F41E023C}"
EndProject
Project("{FAE04EC0-301F-11D3-BF4B-00C04F79EFBC}") = "BubbleSortLibrary", "BubbleSortLibrary\BubbleSortLibrary.csproj", "{03A0C3BA-9ADD-4A7E-80CB-CE961E0A902F}"
EndProject
Project("{FAE04EC0-301F-11D3-BF4B-00C04F79EFBC}") = "BubbleSortLibrary.Tests", "BubbleSortLibrary.Tests\BubbleSortLibrary.Tests.csproj", "{BEABC93D-5C1D-498D-A810-C49F662BE963}"
EndProject
Project("{FAE04EC0-301F-11D3-BF4B-00C04F79EFBC}") = "FigureLibrary", "FigureLibrary\FigureLibrary.csproj", "{68D20B0F-20A1-49BE-8469-DBFCD1353937}"
EndProject
Global
	GlobalSection(SolutionConfigurationPlatforms) = preSolution
		Debug|Any CPU = Debug|Any CPU
		Release|Any CPU = Release|Any CPU
	EndGlobalSection
	GlobalSection(ProjectConfigurationPlatforms) = postSolution
		{02B26113-3CAE-48E8-A7AA-8EC9FFECDD57}.Debug|Any CPU.ActiveCfg = Debug|Any CPU
		{02B26113-3CAE-48E8-A7AA-8EC9FFECDD57}.Debug|Any CPU.Build.0 = Debug|Any CPU
		{02B26113-3CAE-48E8-A7AA-8EC9FFECDD57}.Release|Any CPU.ActiveCfg = Release|Any CPU
		{02B26113-3CAE-48E8-A7AA-8EC9FFECDD57}.Release|Any CPU.Build.0 = Release|Any CPU
		{930DA8AB-F9EF-4B0C-BD62-0D97F41E023C}.Debug|Any CPU.ActiveCfg = Debug|Any CPU
		{930DA8AB-F9EF-4B0C-BD62-0D97F41E023C}.Debug|Any CPU.Build.0 = Debug|Any CPU
		{930DA8AB-F9EF-4B0C-BD62-0D97F41E023C}.Release|Any CPU.ActiveCfg = Release|Any CPU
		{930DA8AB-F9EF-4B0C-BD62-0D97F41E023C}.Release|Any CPU.Build.0 = Release|Any CPU
		{03A0C3BA-9ADD-4A7E-80CB-CE961E0A902F}.Debug|Any CPU.ActiveCfg = Debug|Any CPU
		{03A0C3BA-9ADD-4A7E-80CB-CE961E0A902F}.Debug|Any CPU.Build.0 = Debug|Any CPU
		{03A0C3BA-9ADD-4A7E-80CB-CE961E0A902F}.Release|Any CPU.ActiveCfg = Release|Any CPU
		{03A0C3BA-9ADD-4A7E-80CB-CE961E0A902F}.Release|Any CPU.Build.0 = Release|Any CPU
		{BEABC93D-5C1D-498D-A810-C49F662BE963}.Debug|Any CPU.ActiveCfg = Debug|Any CPU
		{BEABC93D-5C1D-498D-A810-C49F662BE963}.Debug|Any CPU.Build.0 = Debug|Any CPU
		{BEABC93D-5C1D-498D-A810-C49F662BE963}.Release|Any CPU.ActiveCfg = Release|Any CPU
		{BEABC93D-5C1D-498D-A810-C49F662BE963}.Release|Any CPU.Build.0 = Release|Any CPU
		{68D20B0F-20A1-49BE-8469-DBFCD1353937}.Debug|Any CPU.ActiveCfg = Debug|Any CPU
		{68D20B0F-20A1-49BE-8469-DBFCD1353937}.Debug|Any CPU.Build.0 = Debug|Any CPU
		{68D20B0F-20A1-49BE-8469-DBFCD1353937}.Release|Any CPU.ActiveCfg = Release|Any CPU
		{68D20B0F-20A1-49BE-8469-DBFCD1353937}.Release|Any CPU.Build.0 = Release|Any CPU
	EndGlobalSection
	GlobalSection(SolutionProperties) = preSolution
		HideSolutionNode = FALSE
	EndGlobalSection
	GlobalSection(ExtensibilityGlobals) = postSolution
		SolutionGuid = {64D4ADC3-5920-4C3A-B73F-5884737C53D9}
	EndGlobalSection
EndGlobal
